
Microsoft Visual Studio Solution File, Format Version 12.00
# Visual Studio Version 16
VisualStudioVersion = 16.0.29609.76
MinimumVisualStudioVersion = 10.0.40219.1
Project("{FAE04EC0-301F-11D3-BF4B-00C04F79EFBC}") = "Boomshine Marnick De Grave", "Boomshine Marnick De Grave\Boomshine Marnick De Grave.csproj", "{A14E2283-E6C2-4758-81EC-8CBDC31DA002}"
EndProject
Global
	GlobalSection(SolutionConfigurationPlatforms) = preSolution
		Debug|Any CPU = Debug|Any CPU
		Release|Any CPU = Release|Any CPU
	EndGlobalSection
	GlobalSection(ProjectConfigurationPlatforms) = postSolution
		{A14E2283-E6C2-4758-81EC-8CBDC31DA002}.Debug|Any CPU.ActiveCfg = Debug|Any CPU
		{A14E2283-E6C2-4758-81EC-8CBDC31DA002}.Debug|Any CPU.Build.0 = Debug|Any CPU
		{A14E2283-E6C2-4758-81EC-8CBDC31DA002}.Release|Any CPU.ActiveCfg = Release|Any CPU
		{A14E2283-E6C2-4758-81EC-8CBDC31DA002}.Release|Any CPU.Build.0 = Release|Any CPU
	EndGlobalSection
	GlobalSection(SolutionProperties) = preSolution
		HideSolutionNode = FALSE
	EndGlobalSection
	GlobalSection(ExtensibilityGlobals) = postSolution
		SolutionGuid = {7816451E-E0FA-452C-B5FC-2C768415AEAA}
	EndGlobalSection
EndGlobal
